{
  "version": 4,
  "terraform_version": "1.11.4",
  "serial": 15,
  "lineage": "f448c8ce-9a5b-6b70-541e-a9e5eba1ba8f",
  "outputs": {},
  "resources": [
    {
      "module": "module.aks",
      "mode": "data",
      "type": "azurerm_container_registry",
      "name": "datacontainerregistry",
      "provider": "provider[\"registry.terraform.io/hashicorp/azurerm\"]",
      "instances": [
        {
          "index_key": "aks1",
          "schema_version": 0,
          "attributes": {
            "admin_enabled": false,
            "admin_password": null,
            "admin_username": null,
            "data_endpoint_enabled": false,
            "data_endpoint_host_names": [],
            "id": "/subscriptions/e5efa2cd-02a5-4c7b-be99-6e2ae6d5feac/resourceGroups/todo-aks-rg/providers/Microsoft.ContainerRegistry/registries/todoaksacrspsingh",
            "location": "westus",
            "login_server": "todoaksacrspsingh.azurecr.io",
            "name": "todoaksacrspsingh",
            "resource_group_name": "todo-aks-rg",
            "sku": "Standard",
            "tags": {
              "App": "todo-aks",
              "Env": "dev"
            },
            "timeouts": null
          },
          "sensitive_attributes": []
        }
      ]
    },
    {
      "module": "module.aks",
      "mode": "managed",
      "type": "azurerm_kubernetes_cluster",
      "name": "AKS",
      "provider": "provider[\"registry.terraform.io/hashicorp/azurerm\"]",
      "instances": [
        {
          "index_key": "aks1",
          "schema_version": 2,
          "attributes": {
            "aci_connector_linux": [],
            "ai_toolchain_operator_enabled": false,
            "api_server_access_profile": [],
            "auto_scaler_profile": [
              {
                "balance_similar_node_groups": false,
                "daemonset_eviction_for_empty_nodes_enabled": false,
                "daemonset_eviction_for_occupied_nodes_enabled": true,
                "empty_bulk_delete_max": "10",
                "expander": "random",
                "ignore_daemonsets_utilization_enabled": false,
                "max_graceful_termination_sec": "600",
                "max_node_provisioning_time": "15m",
                "max_unready_nodes": 3,
                "max_unready_percentage": 45,
                "new_pod_scale_up_delay": "0s",
                "scale_down_delay_after_add": "10m",
                "scale_down_delay_after_delete": "10s",
                "scale_down_delay_after_failure": "3m",
                "scale_down_unneeded": "10m",
                "scale_down_unready": "20m",
                "scale_down_utilization_threshold": "0.5",
                "scan_interval": "10s",
                "skip_nodes_with_local_storage": false,
                "skip_nodes_with_system_pods": true
              }
            ],
            "automatic_upgrade_channel": "",
            "azure_active_directory_role_based_access_control": [],
            "azure_policy_enabled": null,
            "bootstrap_profile": [
              {
                "artifact_source": "Direct",
                "container_registry_id": ""
              }
            ],
            "confidential_computing": [],
            "cost_analysis_enabled": false,
            "current_kubernetes_version": "1.32.5",
            "custom_ca_trust_certificates_base64": null,
            "default_node_pool": [
              {
                "auto_scaling_enabled": true,
                "capacity_reservation_group_id": "",
                "fips_enabled": false,
                "gpu_driver": "",
                "gpu_instance": "",
                "host_encryption_enabled": false,
                "host_group_id": "",
                "kubelet_config": [],
                "kubelet_disk_type": "OS",
                "linux_os_config": [],
                "max_count": 2,
                "max_pods": 80,
                "min_count": 1,
                "name": "default",
                "node_count": 1,
                "node_labels": {},
                "node_network_profile": [],
                "node_public_ip_enabled": false,
                "node_public_ip_prefix_id": "",
                "only_critical_addons_enabled": false,
                "orchestrator_version": "1.32.5",
                "os_disk_size_gb": 128,
                "os_disk_type": "Managed",
                "os_sku": "Ubuntu",
                "pod_subnet_id": "",
                "proximity_placement_group_id": "",
                "scale_down_mode": "Delete",
                "snapshot_id": "",
                "tags": null,
                "temporary_name_for_rotation": "",
                "type": "VirtualMachineScaleSets",
                "ultra_ssd_enabled": false,
                "upgrade_settings": [
                  {
                    "drain_timeout_in_minutes": 0,
                    "max_surge": "10%",
                    "node_soak_duration_in_minutes": 0
                  }
                ],
                "vm_size": "standard_a2_v2",
                "vnet_subnet_id": "",
                "workload_runtime": "",
                "zones": null
              }
            ],
            "disk_encryption_set_id": "",
            "dns_prefix": "todo-aks",
            "dns_prefix_private_cluster": "",
            "edge_zone": "",
            "fqdn": "todo-aks-416euu9t.hcp.westus.azmk8s.io",
            "http_application_routing_enabled": null,
            "http_application_routing_zone_name": null,
            "http_proxy_config": [],
            "id": "/subscriptions/e5efa2cd-02a5-4c7b-be99-6e2ae6d5feac/resourceGroups/todo-aks-rg/providers/Microsoft.ContainerService/managedClusters/todo-aks-aks",
            "identity": [
              {
                "identity_ids": null,
                "principal_id": "e9f0d69e-5bbc-4ab0-9d99-9ab4fba39e4b",
                "tenant_id": "5d1f5558-c771-40e9-a1f2-57920ed020d2",
                "type": "SystemAssigned"
              }
            ],
            "image_cleaner_enabled": null,
            "image_cleaner_interval_hours": null,
            "ingress_application_gateway": [],
            "key_management_service": [],
            "key_vault_secrets_provider": [],
            "kube_admin_config": [],
            "kube_admin_config_raw": "",
            "kube_config": [
              {
                "client_certificate": "LS0tLS1CRUdJTiBDRVJUSUZJQ0FURS0tLS0tCk1JSUZIVENDQXdXZ0F3SUJBZ0lRRTN6SnB4ZXVWaWE2cEhOaW43aUlSekFOQmdrcWhraUc5dzBCQVFzRkFEQU4KTVFzd0NRWURWUVFERXdKallUQWVGdzB5TlRFeU1ERXhOakEyTlRkYUZ3MHlOekV5TURFeE5qRTJOVGRhTURBeApGekFWQmdOVkJBb1REbk41YzNSbGJUcHRZWE4wWlhKek1SVXdFd1lEVlFRREV3eHRZWE4wWlhKamJHbGxiblF3CmdnSWlNQTBHQ1NxR1NJYjNEUUVCQVFVQUE0SUNEd0F3Z2dJS0FvSUNBUURNWXNycUhBcjNJMlJxeUtsK3A0bFUKa2lIWCsrY2lwU05SaDR4UVNNc0ZKRmtwOUFxVXlXVFY5QWlYaTFUdjZXbEhyN0dqbnVYZEVNRjcxUEFlMVdUNwpza3J4Zkh2SHB4NVN4dFd5Z2VnekJMTzdUQUVmRjhFdVZldlF3Ung1OEs5OWJDbnNGWWdVNjYwNkljSzRJN2N2CktjYVRQQ245eFRuY3hvdHQ4S2M5V1NXZjZyV1Zid1pwMGRmSDVXTWhvUTZmUWxRM3dWOEF0ekFScFhmaUlqVjQKeFE0U2o5SzBvQVg2NUhkZTNUWlJmd1g0S2RiWUdaZmZVaEJ4MkthOE16WXJ6aGF5aytVank5OWpPT2wyZWgxeQp6RlRhc3BJZ0FXRENFWlQvYXROdWROTEtzd0lVOThNZ3E0MnVNeWs2blhOZU1HL1JrVlhHbW4xcWFaQi9Pa3JUCm9lLzF1cmZUamhZY2NjNUw3VnNWZlJXMzhRb3ZkUU9XTWJTb3F5MWxwUjVrcFVBeXJ4RWg0SVRzcHFlWEhtSncKcFY5WGNpelo3Q3VveXJ0dEIwYVlKdGRQWnlYV2JEY203ZmQxK3RFMWp2SnNZRndGb2k5Ym9Eb1JiREhiS1ZiRwoxL1dXTjBXTDQzelJrbVRtMXloOHFRQUMyZGlBRldOUm4xWmdDTFVpZjJFNlBDUWYwVFd1VkQzRnJwSGw5cHZTCmJSVmZGZlRoeW5OdW5Xd2RLQnhyS2M2VUNPd2plNnNNYml2NHh5enluOENQQWd0K1R2Qlg3N0UwRXB3blVZejEKNVhpRm1weld4bnBCN2tkNTBpRFFBbWRXVDIzdjg5SVVwOXRwNnZsejJyOUdPMkJ1SlJKS090eGZJc0hvVk5kQwptRlMyblBlRjNZYlhXOVgvZnNKbWpRSURBUUFCbzFZd1ZEQU9CZ05WSFE4QkFmOEVCQU1DQmFBd0V3WURWUjBsCkJBd3dDZ1lJS3dZQkJRVUhBd0l3REFZRFZSMFRBUUgvQkFJd0FEQWZCZ05WSFNNRUdEQVdnQlNVYU81YkMreWsKQS9vNlVFenpZb2hjVlVlbm9EQU5CZ2txaGtpRzl3MEJBUXNGQUFPQ0FnRUFUZlRtVmhwMFZpalhrdVpFT2lTdApzQWxnTjlYZlVWUXN4TytHZHgyN0tWSXhvRE05b0xzQU04NFhXNlFzM1pWZC9peHIxbVd1K2NFZzJEdTZkQkhLClJYUW1MUHVBeEdXVzliWEpxajYyeDV4dXdsT3VsVFcvUFFydGkwbVExNHQzQ3hWeGtCeWYzNkpwSlZHRUJ6cHkKekx0WGpCaWZXMHFkZWpMRmlWTktMMFJRNzRYaGlua1ZERmZNSlJPdURVR2ZwcFZrVytxZytEMDNOdk9sYmRaYQpYaTlTNno3UlovMUgxVFBZbzViVmNZUURRWDZxeTAzRzloUWpEVjJNZS9NWCtieDdOd1JjenJsYjdKandKNE1lCm5QZzFiNktzMXRtSFN3VlA0L2Q0TGxpZFlXSjdnTyt5NzlLYTVFS1hINjhWb1BDRmhTTHc5S0FhQnJJbytFeWUKWFE3c2xXL1ZyT3JRTnJiUWt1Yk81Y3A5UXFyZGk0K1gvRzRXM1dxcXVwbVRBRy8xaWQ4QnJDTS9jbG52UTBOaAo3SEdMcC9nUExVWDFxcWlpS3I1bnJRMjJKRHN3eG00U3RNa2FON09OUi9rTFJLSXFyb3BkUEE3aHFMd05XL2k4ClVCT05BblRRSDduanMrZUlsYkRDK1YxU1NteU9PaG42enQ2OE14UlUvS0JBaU5EWWZIcEpsWWthdS9Xd3MzOTQKR3VjMjdVNnRjYlpLcFdSbWRvQ1plU2hHbFJ3NFVrMTJDWTFIYWJxRGJ4ODdSRFM5MlFzT09RSVBJMERqVFNmZwpKemdmNUVIMW95VjZmMkRvVU1IYzVxOUZodzg2QU5LMG8zY1F3SUJ2SU92SkwvbEpVZitDWWEyQzNsUzZKVzRlCjBJSHQ1NElJbEFuUDVSUWxaeDFabDM0PQotLS0tLUVORCBDRVJUSUZJQ0FURS0tLS0tCg==",
                "client_key": "LS0tLS1CRUdJTiBSU0EgUFJJVkFURSBLRVktLS0tLQpNSUlKS1FJQkFBS0NBZ0VBekdMSzZod0s5eU5rYXNpcGZxZUpWSkloMS92bklxVWpVWWVNVUVqTEJTUlpLZlFLCmxNbGsxZlFJbDR0VTcrbHBSNit4bzU3bDNSREJlOVR3SHRWays3Sks4WHg3eDZjZVVzYlZzb0hvTXdTenUwd0IKSHhmQkxsWHIwTUVjZWZDdmZXd3A3QldJRk91dE9pSEN1Q08zTHluR2t6d3AvY1U1M01hTGJmQ25QVmtsbitxMQpsVzhHYWRIWHgrVmpJYUVPbjBKVU44RmZBTGN3RWFWMzRpSTFlTVVPRW8vU3RLQUYrdVIzWHQwMlVYOEYrQ25XCjJCbVgzMUlRY2RpbXZETTJLODRXc3BQbEk4dmZZempwZG5vZGNzeFUycktTSUFGZ3doR1UvMnJUYm5UU3lyTUMKRlBmRElLdU5yak1wT3AxelhqQnYwWkZWeHBwOWFtbVFmenBLMDZIdjlicTMwNDRXSEhIT1MrMWJGWDBWdC9FSwpMM1VEbGpHMHFLc3RaYVVlWktWQU1xOFJJZUNFN0thbmx4NWljS1ZmVjNJczJld3JxTXE3YlFkR21DYlhUMmNsCjFtdzNKdTMzZGZyUk5ZN3liR0JjQmFJdlc2QTZFV3d4MnlsV3h0ZjFsamRGaStOODBaSms1dGNvZktrQUF0blkKZ0JWalVaOVdZQWkxSW45aE9qd2tIOUUxcmxROXhhNlI1ZmFiMG0wVlh4WDA0Y3B6YnAxc0hTZ2NheW5PbEFqcwpJM3VyREc0citNY3M4cC9BandJTGZrN3dWKyt4TkJLY0oxR005ZVY0aFpxYzFzWjZRZTVIZWRJZzBBSm5Wazl0CjcvUFNGS2ZiYWVyNWM5cS9SanRnYmlVU1NqcmNYeUxCNkZUWFFwaFV0cHozaGQyRzExdlYvMzdDWm8wQ0F3RUEKQVFLQ0FnQXVsTnVMVkwzWkNwdHh6Tzc0VzBXczNTdFNkdXA4Vm1mQXhxUmZqZCtiZWVmS2JJRFczVG1hbTZZegpwOEZCZHBDVWtvSHBlU2NKWmE2N1F0SkJMTUI1cnU1dXNFRGp4WDVmUGtycEJydDltVFkvV3ppc05mVkUwcmRPCm1oeWIzQk9iQWNKaU9Kd05ySk1MK3pMT1ZmR0RrY0Zjd0NzUDE5bnlxOXVPUUhsVlBaS2FLbHVkUmJNUC9nL3cKVXFMdndLMjg5VmlOWm9oNCtNYy9WbGVHMWVZYThzcGN4Nk90b0FVTTQvSWkwRWIzZHZ4TXpYaFdReXIrYmswcQpMVWIvQUtyNWU5eG5jZGFZL0hlYXZSZFVkY3R0WlExMzFKZ0NMRjQ1ak5sSkJ6ZE41dGs5OG1Ob2xQbEhZbUlGCmtFcDJ2ZmpUd0RWVDdZdy9tZWs0amZ1dFM0Tk81Ti9JbVduT0w4L1lKWFVvbGZEVElGaDRRbkd1a3hVaUJ6Z0sKSEFzTGErQTYzSkRXUEw3T3BwR3RmS1I4WTM0Sm1uR2x5eTV5b3Y1cXBqaW81cWh6MUFVMjdPRmZub1R2Wlk1UgpPSVFQbTFRR1pLdW52anNDRzMwR3ZjdzhKenFYQmVFZ1BHT1ZLSmZiSy80MlhKamhTNFBDdDJNbXhqKzZ4Ty9uCnBQZyt6UUsxZlNZajNsb212ZUxKbWdyMUxpVENvaEk5aThNS1VuYkZXaWtLcmFMTytuZmJsUzVyYS9IaTh0Yy8KbzZ2MERHTWZJK2E3aFRpSFFXOUVlQjBvSGlYSUtvbDVMbzNqaTVZZHp2SVRSM2dFWVhDV08xYVB5b1pxSm51QQozeUR3Njlzdmk5V1JrWFdIZkowN1AxSms5ME9TdVc2akZOVkYyeDVFRUc2V1QxUGVvUUtDQVFFQTBZTTBxV0pVCjltNVdzNUFuVTczb1lXZmpjeXh2WDRrNXJreFB0VXc5VFV4aTdOZEo3djlZZWxnZG5lV25iQWI4bU9MeXVoYW4KYTBKUEN6Sit2emtzb08rcVMvaUFHYkpXRXpVSUk4VWZPZzRJL2NnaWl6V1gvMFk2WjRhK094bUh6T0NpSHd1NgpKVzFaUTJXcGNWTi9CdjQvZzlQcE92dFpiZlVJRHgzdW9lVnd2MXFwS0FuczA5MDhrdjJMUXcveDNkaVBVUEtqCi84TGpCU0F5YlppSmJhMkQ0VVBuTks1bHlrdnBEQU9kVUFUY1d1Q2dwZVBNVGJPWjEwOUpRMHpUelVDYmYwUkwKcVdwQk5MS0ZGYVNxRzRjU1AwWFdCbmhqMHpiWkhFakVoa3FBNXlFRk5KaHl5aVMxSG9PNFBlUXNzMmJUZ3VTSQp5a0Y2ZUpkUVFhUEVIUUtDQVFFQStieGlLaG9OMEhaNDRJcXJPaGsrOG5kVFZQdEtHZjJZTWRMaEdJeXQwT3hxCkNIMUtoUUhIekhreWdUaVhNdDVQUkxDUHArQ2ZpU1ZnMVRnaVo2c1JHd1lndzVjdU00V0hUMjViUHpCYUNzRVIKcmRYT1Znc3VMdTU0cmF1TkI4T1NFeVN2Y1hiZVQ1K2orMTVBN0ZQeFhPcndMYUd4ZEhaRFo4KzZPQmxweCtFZgphdGs3TnF3SVkzODdiVmRWdUgzNDkvbzlxRnZyd1Rvb3hYWFJCbmZGWFY2RDBYc3FoZnhFWXJuRjFBRFA5bVJmCmdHMHBaajFPa3k2VVZuanJlSEEwRFJFa1RYV3lEZVE3SnNjZ2thN29qN0tzTDJldFVIMFk3VzZkSjJmdnhLNlQKRTVpNVhWd1k3VU94cHJRRDIvSjF5L09DTUVvQ3hISVJQN2VKb05EQk1RS0NBUUFWVUQ2c09KZWlGaWwxek9WagpUSDkyWVVZdk1rY0dOZ1NMS2JJMkpGSmNLYmdxbGVBc2t3ZGlNdEtZZklOaXB2ZE5hbEQ5QTA3MngyRVpKNExqCld5S2lJSjkzYVFsSEUvQlR0ZUpsR1NtTEUyQnd5TXBTMVJub1d6R1gxSXBIb3RwQXlsMVR3VEtubWc4cG53NzAKdTJUQnhsMlp3SllLYlFWMC9TZGJ1bFRMWFhieDBIeEMyWGVoT2ZGdWxxSnpLUTBXMzIvODhTSWo0NlNLb2ZMZgpXVlFwdHl3aVgzRUcxL0w4K0duMTBleFA5cDZnRkJmanFGL2hTN01MeDBJUnVhQVdVa3MvVUNoT1RNUGpZNEhNCmFOcnhQL1ZvUUdkOGN3VGN1TWl2YXV1ckthc2hXQ2VhYVNQTVVwMm1SQW9iS2JvdWFmaDhhVmxORWdvdWVGNHUKdjBVMUFvSUJBUUNXdEsxVWxPWnpQNXRRZmI0NDBGVmhRc3NpQklkQ1Nmd1hUUmdUbFltckE1QTFVVTZ3RjFQNApPOGRUbmMvNG5abWViU0l6LytTbWdjeit2dUpjUnlxS2NWZENVVEJMWFRBN3FmQWNvTlFsbXo5TTlUS1FVQ3p0Cm0zRnQ5SkdsOXNwbkRRTm02SUhkOFF1blBNalhGUTBac3BtQUlBeVRxRzZpN2dPRnFTaGh1NlFXK2NLM0NuZ0IKZXgxa3JZaUlUbFQ1YUtUZXZhSDJ1RjgwVWhYeTNrSlhSeHNyUmpWeUo3c3BETXlxVkZjcmJJVUpYbGJXWVBiUwo4UkFKWXUxT2YvK1pSeGZ1T3JGWm1ycHJlMDFYUFFNUS9KVFdBcTNmWGE2MlVjTTZyWWxPMnI3YzI1UTVGOFBmCklyUEpVdWJsUzFyMDJoMWRnTHhNeWoxSWd6emx0RFJ4QW9JQkFRQ0NjVXkvTmhLUGpEalV2WXVGQyt5Uk80clYKUVRQSkMxL0orN0NlRVBuRWpOWUNPL2JBT3NHVjBzczJTaSt6SXBwR1NIeSsrdjNnMTE3VEhpS2pEVjlBREd5RAptd1IxblRZR2tDelpQbGhWN1h4UUlQMHJpZUtuUHpUV01lTy9zMjZ1OU02bVdVMTBKMytjSzZ4WDJnM3E0YVN0CmZlOWJmbkRrajNUbFdWN29Uai9hb3F6Y3M3TVJ2aWpZOTgyK3V3Znp0RXpPUTJ1T0hXbHZ1RU94Mkp0RlkxL3cKUmpNMVhNOC9MU0U5b1RFZ3dDTzdaMU5uOGZZemJnSGVyejM2K1BMbWRWM0FxNXQwVWVPNlNUQ3F6VzNaY0crVwp6bE9RcDFxV0tKM0NyTDNoNWlGQ2xkZkVaTE0wK1Irdm5NQVJJMUVFTi9MRE1rSndzWFV0VHEvUVI1YWoKLS0tLS1FTkQgUlNBIFBSSVZBVEUgS0VZLS0tLS0K",
                "cluster_ca_certificate": "LS0tLS1CRUdJTiBDRVJUSUZJQ0FURS0tLS0tCk1JSUU2VENDQXRHZ0F3SUJBZ0lSQUxOTG00ZjFuNlg0dVFTbE92SkZWb013RFFZSktvWklodmNOQVFFTEJRQXcKRFRFTE1Ba0dBMVVFQXhNQ1kyRXdJQmNOTWpVeE1qQXhNVFl3TmpVM1doZ1BNakExTlRFeU1ERXhOakUyTlRkYQpNQTB4Q3pBSkJnTlZCQU1UQW1OaE1JSUNJakFOQmdrcWhraUc5dzBCQVFFRkFBT0NBZzhBTUlJQ0NnS0NBZ0VBCjMwVHBVRmVnMFpxVGZqOTJyNkdZdzY1azdscmYyOXB0aEZSclRQaFFNQ1FObmhUbEUzMXRMdy9HbWREZWZCREkKZnFGRk5wS1JZVDNZakVyTFRmWE1DaXlwUDl0aUpGL2ZXZWlNZGxtTzZ5NER6VDl2QlNUVUxLejNYeHNyWDBDVgpmeGt5eFNOUCtCWkVnSDFyUlkvU2R1dW5OblU3Q0xKYzJ3aTk2UXFIOC81ZmV6Qnc1c3AwRW1NWFA5SnZCSCt3ClZoNnhPVEVibWZXd3Rla3ZtakdnbTZxRWRlWE1LUFI2U0JXRjVZWUx6VklzRXhXOXlzMlRzVmdlSFA5OUZBN0wKSmh3N1EyRWNvbHhTSS9ZQUFvd2NEclpQWHVkQmZjRTEya2pyMDVPcG9qZTZZUXFwSDhEK2dHRytpL2taUnN5Swpmc1BJL1BGRWkrcXR4dDdxYkhaQVRjS0paTlFsRTdOQUZHdGtZVEY3TGRzK2gvRnpseEJ4ZDNDTGEwdVRGNkY5Cnk4L2d2eXQvVE96WVRwdjU3Mmt0TDE3d0R4R1Zmc3h6NVhsQkdGU3c2Qys3RU0vMXZQb2dtakh3U1NFb3ZSSmYKdVgvTFRPdXU2S2Jlb0JOb3REOVRqeUpqMmNSUkhSZExobGN5UVhjNytvSFBYOEswVFBVOHhMaTluTDlqSFp4VApzU1l5VHdRUXBwNVNoUGNQZ3IxRWd5UEtYNHFVZTI4VWZGalNSTmtQUVRSaGdteTBsc3VhcGZhcG9UdVBkNWVvCjM1d25OVHZrRFpNR0JUVXpuWnU2a1JldmNtUjhJeTVqR2dtWjJ0enVGbkF0eGRaalZkUkdMVlVMYUpEOFpqVHQKR3kzbmt5b2NJM1l1NE1YcllvWXE4L2ZMSThnUmFyVVhWTzYxVmNCTGxCOENBd0VBQWFOQ01FQXdEZ1lEVlIwUApBUUgvQkFRREFnS2tNQThHQTFVZEV3RUIvd1FGTUFNQkFmOHdIUVlEVlIwT0JCWUVGSlJvN2xzTDdLUUQranBRClRQTmlpRnhWUjZlZ01BMEdDU3FHU0liM0RRRUJDd1VBQTRJQ0FRQnduWDEzUS94STAydXMzNEdIRWVXU0tMc3YKSXhxWHYwWER0QW9ZVVZ5eVhDK3g5L1c2dEdETjI5OWpkMnVrNG0yUzJoNzZLY2hEN2k4T1U2QjBTQjYxazVSUwpyRXRtd0FLRkU1TXRFU0p6ak45TkZnbTlPRU1YNnpWQTJrNUI1TklaSnRqaEQ4eWlyYWkrd1ZoKzdMdUxNdVZTCldFb05OZUNLV2FJK2xvTEVLYWszS3BEeXpCV0N1dlo3SW16QTYxZi9ENzlnWGhvZmlRRW9nMFAzZDFORHkxb2wKOUtZVjQ3anMzRlJCWjE4azIwQlpyUWRPT2w3OXM3TXVNOFptNkEzb05LYWNqczRJRDF6dmUvNWdIckE4L2IwUwpFMVV3SDg5VFZiZnFpbjdiazZRTWliaGpkVXl3aGxCTUlsYVAxa3RkdFFTbHZIa3RMaWtrZExsSXlWWWkrOHFyClBOTjZhblpxaGttbnpvYlpVSXFSWkpFQzJ3UWEvWmI2ZXNMNE5Fd3d6WmxTMENsTElTbmFPaFVlMk1YOEEvdjYKdnRrVDAwYjcyTHZFQlNnMXJpOTlxR1Mrc0p3bWVLdlYrZ3pXNDQvUGpmbjByWkRpNjM2ZkZEUk1Fc2R2cTBEcgpjbVFWQjVMWU5ja0szMEpNRWJrWjV3OFVocTFWbzdvYnowbHhyQlg3MlZuSnJDaGFXcnRDM0cveFQ0V3RlMmpVCmxPNzRhbElyS3RCcHQyaXNVNUJmajZMV1UrcVZNamZlYjE2YmNBc2I0bzRyZmxUSi8xUVNEWFZGeGZ1Yy9KZjEKUVI0N2p1S2dNcjlSSVFQaWxvZE5NL3dGT0xpZFpVaVR6RnFYRjVTWWVHSWpLR255V3ZwRDhlUkVTdGd3aG5WVwpFM3BQZm9vWllFeGFYdFVRNlE9PQotLS0tLUVORCBDRVJUSUZJQ0FURS0tLS0tCg==",
                "host": "https://todo-aks-416euu9t.hcp.westus.azmk8s.io:443",
                "password": "33x9u4lq2bv9hrf1f2hlggpnxjbzw8hh8w5hvj2jgyp3qjh2xsivhyxtoi0ltxro8tgx33mlz1xb9qxa8ry5ny79okuwbck67kxrr8l2bjk1yte2mrhvzismxyahpkj2",
                "username": "clusterUser_todo-aks-rg_todo-aks-aks"
              }
            ],
            "kube_config_raw": "apiVersion: v1\nclusters:\n- cluster:\n    certificate-authority-data: LS0tLS1CRUdJTiBDRVJUSUZJQ0FURS0tLS0tCk1JSUU2VENDQXRHZ0F3SUJBZ0lSQUxOTG00ZjFuNlg0dVFTbE92SkZWb013RFFZSktvWklodmNOQVFFTEJRQXcKRFRFTE1Ba0dBMVVFQXhNQ1kyRXdJQmNOTWpVeE1qQXhNVFl3TmpVM1doZ1BNakExTlRFeU1ERXhOakUyTlRkYQpNQTB4Q3pBSkJnTlZCQU1UQW1OaE1JSUNJakFOQmdrcWhraUc5dzBCQVFFRkFBT0NBZzhBTUlJQ0NnS0NBZ0VBCjMwVHBVRmVnMFpxVGZqOTJyNkdZdzY1azdscmYyOXB0aEZSclRQaFFNQ1FObmhUbEUzMXRMdy9HbWREZWZCREkKZnFGRk5wS1JZVDNZakVyTFRmWE1DaXlwUDl0aUpGL2ZXZWlNZGxtTzZ5NER6VDl2QlNUVUxLejNYeHNyWDBDVgpmeGt5eFNOUCtCWkVnSDFyUlkvU2R1dW5OblU3Q0xKYzJ3aTk2UXFIOC81ZmV6Qnc1c3AwRW1NWFA5SnZCSCt3ClZoNnhPVEVibWZXd3Rla3ZtakdnbTZxRWRlWE1LUFI2U0JXRjVZWUx6VklzRXhXOXlzMlRzVmdlSFA5OUZBN0wKSmh3N1EyRWNvbHhTSS9ZQUFvd2NEclpQWHVkQmZjRTEya2pyMDVPcG9qZTZZUXFwSDhEK2dHRytpL2taUnN5Swpmc1BJL1BGRWkrcXR4dDdxYkhaQVRjS0paTlFsRTdOQUZHdGtZVEY3TGRzK2gvRnpseEJ4ZDNDTGEwdVRGNkY5Cnk4L2d2eXQvVE96WVRwdjU3Mmt0TDE3d0R4R1Zmc3h6NVhsQkdGU3c2Qys3RU0vMXZQb2dtakh3U1NFb3ZSSmYKdVgvTFRPdXU2S2Jlb0JOb3REOVRqeUpqMmNSUkhSZExobGN5UVhjNytvSFBYOEswVFBVOHhMaTluTDlqSFp4VApzU1l5VHdRUXBwNVNoUGNQZ3IxRWd5UEtYNHFVZTI4VWZGalNSTmtQUVRSaGdteTBsc3VhcGZhcG9UdVBkNWVvCjM1d25OVHZrRFpNR0JUVXpuWnU2a1JldmNtUjhJeTVqR2dtWjJ0enVGbkF0eGRaalZkUkdMVlVMYUpEOFpqVHQKR3kzbmt5b2NJM1l1NE1YcllvWXE4L2ZMSThnUmFyVVhWTzYxVmNCTGxCOENBd0VBQWFOQ01FQXdEZ1lEVlIwUApBUUgvQkFRREFnS2tNQThHQTFVZEV3RUIvd1FGTUFNQkFmOHdIUVlEVlIwT0JCWUVGSlJvN2xzTDdLUUQranBRClRQTmlpRnhWUjZlZ01BMEdDU3FHU0liM0RRRUJDd1VBQTRJQ0FRQnduWDEzUS94STAydXMzNEdIRWVXU0tMc3YKSXhxWHYwWER0QW9ZVVZ5eVhDK3g5L1c2dEdETjI5OWpkMnVrNG0yUzJoNzZLY2hEN2k4T1U2QjBTQjYxazVSUwpyRXRtd0FLRkU1TXRFU0p6ak45TkZnbTlPRU1YNnpWQTJrNUI1TklaSnRqaEQ4eWlyYWkrd1ZoKzdMdUxNdVZTCldFb05OZUNLV2FJK2xvTEVLYWszS3BEeXpCV0N1dlo3SW16QTYxZi9ENzlnWGhvZmlRRW9nMFAzZDFORHkxb2wKOUtZVjQ3anMzRlJCWjE4azIwQlpyUWRPT2w3OXM3TXVNOFptNkEzb05LYWNqczRJRDF6dmUvNWdIckE4L2IwUwpFMVV3SDg5VFZiZnFpbjdiazZRTWliaGpkVXl3aGxCTUlsYVAxa3RkdFFTbHZIa3RMaWtrZExsSXlWWWkrOHFyClBOTjZhblpxaGttbnpvYlpVSXFSWkpFQzJ3UWEvWmI2ZXNMNE5Fd3d6WmxTMENsTElTbmFPaFVlMk1YOEEvdjYKdnRrVDAwYjcyTHZFQlNnMXJpOTlxR1Mrc0p3bWVLdlYrZ3pXNDQvUGpmbjByWkRpNjM2ZkZEUk1Fc2R2cTBEcgpjbVFWQjVMWU5ja0szMEpNRWJrWjV3OFVocTFWbzdvYnowbHhyQlg3MlZuSnJDaGFXcnRDM0cveFQ0V3RlMmpVCmxPNzRhbElyS3RCcHQyaXNVNUJmajZMV1UrcVZNamZlYjE2YmNBc2I0bzRyZmxUSi8xUVNEWFZGeGZ1Yy9KZjEKUVI0N2p1S2dNcjlSSVFQaWxvZE5NL3dGT0xpZFpVaVR6RnFYRjVTWWVHSWpLR255V3ZwRDhlUkVTdGd3aG5WVwpFM3BQZm9vWllFeGFYdFVRNlE9PQotLS0tLUVORCBDRVJUSUZJQ0FURS0tLS0tCg==\n    server: https://todo-aks-416euu9t.hcp.westus.azmk8s.io:443\n  name: todo-aks-aks\ncontexts:\n- context:\n    cluster: todo-aks-aks\n    user: clusterUser_todo-aks-rg_todo-aks-aks\n  name: todo-aks-aks\ncurrent-context: todo-aks-aks\nkind: Config\npreferences: {}\nusers:\n- name: clusterUser_todo-aks-rg_todo-aks-aks\n  user:\n    client-certificate-data: LS0tLS1CRUdJTiBDRVJUSUZJQ0FURS0tLS0tCk1JSUZIVENDQXdXZ0F3SUJBZ0lRRTN6SnB4ZXVWaWE2cEhOaW43aUlSekFOQmdrcWhraUc5dzBCQVFzRkFEQU4KTVFzd0NRWURWUVFERXdKallUQWVGdzB5TlRFeU1ERXhOakEyTlRkYUZ3MHlOekV5TURFeE5qRTJOVGRhTURBeApGekFWQmdOVkJBb1REbk41YzNSbGJUcHRZWE4wWlhKek1SVXdFd1lEVlFRREV3eHRZWE4wWlhKamJHbGxiblF3CmdnSWlNQTBHQ1NxR1NJYjNEUUVCQVFVQUE0SUNEd0F3Z2dJS0FvSUNBUURNWXNycUhBcjNJMlJxeUtsK3A0bFUKa2lIWCsrY2lwU05SaDR4UVNNc0ZKRmtwOUFxVXlXVFY5QWlYaTFUdjZXbEhyN0dqbnVYZEVNRjcxUEFlMVdUNwpza3J4Zkh2SHB4NVN4dFd5Z2VnekJMTzdUQUVmRjhFdVZldlF3Ung1OEs5OWJDbnNGWWdVNjYwNkljSzRJN2N2CktjYVRQQ245eFRuY3hvdHQ4S2M5V1NXZjZyV1Zid1pwMGRmSDVXTWhvUTZmUWxRM3dWOEF0ekFScFhmaUlqVjQKeFE0U2o5SzBvQVg2NUhkZTNUWlJmd1g0S2RiWUdaZmZVaEJ4MkthOE16WXJ6aGF5aytVank5OWpPT2wyZWgxeQp6RlRhc3BJZ0FXRENFWlQvYXROdWROTEtzd0lVOThNZ3E0MnVNeWs2blhOZU1HL1JrVlhHbW4xcWFaQi9Pa3JUCm9lLzF1cmZUamhZY2NjNUw3VnNWZlJXMzhRb3ZkUU9XTWJTb3F5MWxwUjVrcFVBeXJ4RWg0SVRzcHFlWEhtSncKcFY5WGNpelo3Q3VveXJ0dEIwYVlKdGRQWnlYV2JEY203ZmQxK3RFMWp2SnNZRndGb2k5Ym9Eb1JiREhiS1ZiRwoxL1dXTjBXTDQzelJrbVRtMXloOHFRQUMyZGlBRldOUm4xWmdDTFVpZjJFNlBDUWYwVFd1VkQzRnJwSGw5cHZTCmJSVmZGZlRoeW5OdW5Xd2RLQnhyS2M2VUNPd2plNnNNYml2NHh5enluOENQQWd0K1R2Qlg3N0UwRXB3blVZejEKNVhpRm1weld4bnBCN2tkNTBpRFFBbWRXVDIzdjg5SVVwOXRwNnZsejJyOUdPMkJ1SlJKS090eGZJc0hvVk5kQwptRlMyblBlRjNZYlhXOVgvZnNKbWpRSURBUUFCbzFZd1ZEQU9CZ05WSFE4QkFmOEVCQU1DQmFBd0V3WURWUjBsCkJBd3dDZ1lJS3dZQkJRVUhBd0l3REFZRFZSMFRBUUgvQkFJd0FEQWZCZ05WSFNNRUdEQVdnQlNVYU81YkMreWsKQS9vNlVFenpZb2hjVlVlbm9EQU5CZ2txaGtpRzl3MEJBUXNGQUFPQ0FnRUFUZlRtVmhwMFZpalhrdVpFT2lTdApzQWxnTjlYZlVWUXN4TytHZHgyN0tWSXhvRE05b0xzQU04NFhXNlFzM1pWZC9peHIxbVd1K2NFZzJEdTZkQkhLClJYUW1MUHVBeEdXVzliWEpxajYyeDV4dXdsT3VsVFcvUFFydGkwbVExNHQzQ3hWeGtCeWYzNkpwSlZHRUJ6cHkKekx0WGpCaWZXMHFkZWpMRmlWTktMMFJRNzRYaGlua1ZERmZNSlJPdURVR2ZwcFZrVytxZytEMDNOdk9sYmRaYQpYaTlTNno3UlovMUgxVFBZbzViVmNZUURRWDZxeTAzRzloUWpEVjJNZS9NWCtieDdOd1JjenJsYjdKandKNE1lCm5QZzFiNktzMXRtSFN3VlA0L2Q0TGxpZFlXSjdnTyt5NzlLYTVFS1hINjhWb1BDRmhTTHc5S0FhQnJJbytFeWUKWFE3c2xXL1ZyT3JRTnJiUWt1Yk81Y3A5UXFyZGk0K1gvRzRXM1dxcXVwbVRBRy8xaWQ4QnJDTS9jbG52UTBOaAo3SEdMcC9nUExVWDFxcWlpS3I1bnJRMjJKRHN3eG00U3RNa2FON09OUi9rTFJLSXFyb3BkUEE3aHFMd05XL2k4ClVCT05BblRRSDduanMrZUlsYkRDK1YxU1NteU9PaG42enQ2OE14UlUvS0JBaU5EWWZIcEpsWWthdS9Xd3MzOTQKR3VjMjdVNnRjYlpLcFdSbWRvQ1plU2hHbFJ3NFVrMTJDWTFIYWJxRGJ4ODdSRFM5MlFzT09RSVBJMERqVFNmZwpKemdmNUVIMW95VjZmMkRvVU1IYzVxOUZodzg2QU5LMG8zY1F3SUJ2SU92SkwvbEpVZitDWWEyQzNsUzZKVzRlCjBJSHQ1NElJbEFuUDVSUWxaeDFabDM0PQotLS0tLUVORCBDRVJUSUZJQ0FURS0tLS0tCg==\n    client-key-data: LS0tLS1CRUdJTiBSU0EgUFJJVkFURSBLRVktLS0tLQpNSUlKS1FJQkFBS0NBZ0VBekdMSzZod0s5eU5rYXNpcGZxZUpWSkloMS92bklxVWpVWWVNVUVqTEJTUlpLZlFLCmxNbGsxZlFJbDR0VTcrbHBSNit4bzU3bDNSREJlOVR3SHRWays3Sks4WHg3eDZjZVVzYlZzb0hvTXdTenUwd0IKSHhmQkxsWHIwTUVjZWZDdmZXd3A3QldJRk91dE9pSEN1Q08zTHluR2t6d3AvY1U1M01hTGJmQ25QVmtsbitxMQpsVzhHYWRIWHgrVmpJYUVPbjBKVU44RmZBTGN3RWFWMzRpSTFlTVVPRW8vU3RLQUYrdVIzWHQwMlVYOEYrQ25XCjJCbVgzMUlRY2RpbXZETTJLODRXc3BQbEk4dmZZempwZG5vZGNzeFUycktTSUFGZ3doR1UvMnJUYm5UU3lyTUMKRlBmRElLdU5yak1wT3AxelhqQnYwWkZWeHBwOWFtbVFmenBLMDZIdjlicTMwNDRXSEhIT1MrMWJGWDBWdC9FSwpMM1VEbGpHMHFLc3RaYVVlWktWQU1xOFJJZUNFN0thbmx4NWljS1ZmVjNJczJld3JxTXE3YlFkR21DYlhUMmNsCjFtdzNKdTMzZGZyUk5ZN3liR0JjQmFJdlc2QTZFV3d4MnlsV3h0ZjFsamRGaStOODBaSms1dGNvZktrQUF0blkKZ0JWalVaOVdZQWkxSW45aE9qd2tIOUUxcmxROXhhNlI1ZmFiMG0wVlh4WDA0Y3B6YnAxc0hTZ2NheW5PbEFqcwpJM3VyREc0citNY3M4cC9BandJTGZrN3dWKyt4TkJLY0oxR005ZVY0aFpxYzFzWjZRZTVIZWRJZzBBSm5Wazl0CjcvUFNGS2ZiYWVyNWM5cS9SanRnYmlVU1NqcmNYeUxCNkZUWFFwaFV0cHozaGQyRzExdlYvMzdDWm8wQ0F3RUEKQVFLQ0FnQXVsTnVMVkwzWkNwdHh6Tzc0VzBXczNTdFNkdXA4Vm1mQXhxUmZqZCtiZWVmS2JJRFczVG1hbTZZegpwOEZCZHBDVWtvSHBlU2NKWmE2N1F0SkJMTUI1cnU1dXNFRGp4WDVmUGtycEJydDltVFkvV3ppc05mVkUwcmRPCm1oeWIzQk9iQWNKaU9Kd05ySk1MK3pMT1ZmR0RrY0Zjd0NzUDE5bnlxOXVPUUhsVlBaS2FLbHVkUmJNUC9nL3cKVXFMdndLMjg5VmlOWm9oNCtNYy9WbGVHMWVZYThzcGN4Nk90b0FVTTQvSWkwRWIzZHZ4TXpYaFdReXIrYmswcQpMVWIvQUtyNWU5eG5jZGFZL0hlYXZSZFVkY3R0WlExMzFKZ0NMRjQ1ak5sSkJ6ZE41dGs5OG1Ob2xQbEhZbUlGCmtFcDJ2ZmpUd0RWVDdZdy9tZWs0amZ1dFM0Tk81Ti9JbVduT0w4L1lKWFVvbGZEVElGaDRRbkd1a3hVaUJ6Z0sKSEFzTGErQTYzSkRXUEw3T3BwR3RmS1I4WTM0Sm1uR2x5eTV5b3Y1cXBqaW81cWh6MUFVMjdPRmZub1R2Wlk1UgpPSVFQbTFRR1pLdW52anNDRzMwR3ZjdzhKenFYQmVFZ1BHT1ZLSmZiSy80MlhKamhTNFBDdDJNbXhqKzZ4Ty9uCnBQZyt6UUsxZlNZajNsb212ZUxKbWdyMUxpVENvaEk5aThNS1VuYkZXaWtLcmFMTytuZmJsUzVyYS9IaTh0Yy8KbzZ2MERHTWZJK2E3aFRpSFFXOUVlQjBvSGlYSUtvbDVMbzNqaTVZZHp2SVRSM2dFWVhDV08xYVB5b1pxSm51QQozeUR3Njlzdmk5V1JrWFdIZkowN1AxSms5ME9TdVc2akZOVkYyeDVFRUc2V1QxUGVvUUtDQVFFQTBZTTBxV0pVCjltNVdzNUFuVTczb1lXZmpjeXh2WDRrNXJreFB0VXc5VFV4aTdOZEo3djlZZWxnZG5lV25iQWI4bU9MeXVoYW4KYTBKUEN6Sit2emtzb08rcVMvaUFHYkpXRXpVSUk4VWZPZzRJL2NnaWl6V1gvMFk2WjRhK094bUh6T0NpSHd1NgpKVzFaUTJXcGNWTi9CdjQvZzlQcE92dFpiZlVJRHgzdW9lVnd2MXFwS0FuczA5MDhrdjJMUXcveDNkaVBVUEtqCi84TGpCU0F5YlppSmJhMkQ0VVBuTks1bHlrdnBEQU9kVUFUY1d1Q2dwZVBNVGJPWjEwOUpRMHpUelVDYmYwUkwKcVdwQk5MS0ZGYVNxRzRjU1AwWFdCbmhqMHpiWkhFakVoa3FBNXlFRk5KaHl5aVMxSG9PNFBlUXNzMmJUZ3VTSQp5a0Y2ZUpkUVFhUEVIUUtDQVFFQStieGlLaG9OMEhaNDRJcXJPaGsrOG5kVFZQdEtHZjJZTWRMaEdJeXQwT3hxCkNIMUtoUUhIekhreWdUaVhNdDVQUkxDUHArQ2ZpU1ZnMVRnaVo2c1JHd1lndzVjdU00V0hUMjViUHpCYUNzRVIKcmRYT1Znc3VMdTU0cmF1TkI4T1NFeVN2Y1hiZVQ1K2orMTVBN0ZQeFhPcndMYUd4ZEhaRFo4KzZPQmxweCtFZgphdGs3TnF3SVkzODdiVmRWdUgzNDkvbzlxRnZyd1Rvb3hYWFJCbmZGWFY2RDBYc3FoZnhFWXJuRjFBRFA5bVJmCmdHMHBaajFPa3k2VVZuanJlSEEwRFJFa1RYV3lEZVE3SnNjZ2thN29qN0tzTDJldFVIMFk3VzZkSjJmdnhLNlQKRTVpNVhWd1k3VU94cHJRRDIvSjF5L09DTUVvQ3hISVJQN2VKb05EQk1RS0NBUUFWVUQ2c09KZWlGaWwxek9WagpUSDkyWVVZdk1rY0dOZ1NMS2JJMkpGSmNLYmdxbGVBc2t3ZGlNdEtZZklOaXB2ZE5hbEQ5QTA3MngyRVpKNExqCld5S2lJSjkzYVFsSEUvQlR0ZUpsR1NtTEUyQnd5TXBTMVJub1d6R1gxSXBIb3RwQXlsMVR3VEtubWc4cG53NzAKdTJUQnhsMlp3SllLYlFWMC9TZGJ1bFRMWFhieDBIeEMyWGVoT2ZGdWxxSnpLUTBXMzIvODhTSWo0NlNLb2ZMZgpXVlFwdHl3aVgzRUcxL0w4K0duMTBleFA5cDZnRkJmanFGL2hTN01MeDBJUnVhQVdVa3MvVUNoT1RNUGpZNEhNCmFOcnhQL1ZvUUdkOGN3VGN1TWl2YXV1ckthc2hXQ2VhYVNQTVVwMm1SQW9iS2JvdWFmaDhhVmxORWdvdWVGNHUKdjBVMUFvSUJBUUNXdEsxVWxPWnpQNXRRZmI0NDBGVmhRc3NpQklkQ1Nmd1hUUmdUbFltckE1QTFVVTZ3RjFQNApPOGRUbmMvNG5abWViU0l6LytTbWdjeit2dUpjUnlxS2NWZENVVEJMWFRBN3FmQWNvTlFsbXo5TTlUS1FVQ3p0Cm0zRnQ5SkdsOXNwbkRRTm02SUhkOFF1blBNalhGUTBac3BtQUlBeVRxRzZpN2dPRnFTaGh1NlFXK2NLM0NuZ0IKZXgxa3JZaUlUbFQ1YUtUZXZhSDJ1RjgwVWhYeTNrSlhSeHNyUmpWeUo3c3BETXlxVkZjcmJJVUpYbGJXWVBiUwo4UkFKWXUxT2YvK1pSeGZ1T3JGWm1ycHJlMDFYUFFNUS9KVFdBcTNmWGE2MlVjTTZyWWxPMnI3YzI1UTVGOFBmCklyUEpVdWJsUzFyMDJoMWRnTHhNeWoxSWd6emx0RFJ4QW9JQkFRQ0NjVXkvTmhLUGpEalV2WXVGQyt5Uk80clYKUVRQSkMxL0orN0NlRVBuRWpOWUNPL2JBT3NHVjBzczJTaSt6SXBwR1NIeSsrdjNnMTE3VEhpS2pEVjlBREd5RAptd1IxblRZR2tDelpQbGhWN1h4UUlQMHJpZUtuUHpUV01lTy9zMjZ1OU02bVdVMTBKMytjSzZ4WDJnM3E0YVN0CmZlOWJmbkRrajNUbFdWN29Uai9hb3F6Y3M3TVJ2aWpZOTgyK3V3Znp0RXpPUTJ1T0hXbHZ1RU94Mkp0RlkxL3cKUmpNMVhNOC9MU0U5b1RFZ3dDTzdaMU5uOGZZemJnSGVyejM2K1BMbWRWM0FxNXQwVWVPNlNUQ3F6VzNaY0crVwp6bE9RcDFxV0tKM0NyTDNoNWlGQ2xkZkVaTE0wK1Irdm5NQVJJMUVFTi9MRE1rSndzWFV0VHEvUVI1YWoKLS0tLS1FTkQgUlNBIFBSSVZBVEUgS0VZLS0tLS0K\n    token: 33x9u4lq2bv9hrf1f2hlggpnxjbzw8hh8w5hvj2jgyp3qjh2xsivhyxtoi0ltxro8tgx33mlz1xb9qxa8ry5ny79okuwbck67kxrr8l2bjk1yte2mrhvzismxyahpkj2\n",
            "kubelet_identity": [
              {
                "client_id": "09a0b6cb-d671-4469-8b45-d5c4ce4b56ef",
                "object_id": "e1836bb7-efd6-4231-848d-cfedc5a0491c",
                "user_assigned_identity_id": "/subscriptions/e5efa2cd-02a5-4c7b-be99-6e2ae6d5feac/resourceGroups/MC_todo-aks-rg_todo-aks-aks_westus/providers/Microsoft.ManagedIdentity/userAssignedIdentities/todo-aks-aks-agentpool"
              }
            ],
            "kubernetes_version": "1.32.5",
            "linux_profile": [],
            "local_account_disabled": false,
            "location": "westus",
            "maintenance_window": [],
            "maintenance_window_auto_upgrade": [],
            "maintenance_window_node_os": [],
            "microsoft_defender": [],
            "monitor_metrics": [],
            "name": "todo-aks-aks",
            "network_profile": [
              {
                "advanced_networking": [],
                "dns_service_ip": "10.0.0.10",
                "ip_versions": [
                  "IPv4"
                ],
                "load_balancer_profile": [
                  {
                    "backend_pool_type": "NodeIPConfiguration",
                    "effective_outbound_ips": [
                      "/subscriptions/e5efa2cd-02a5-4c7b-be99-6e2ae6d5feac/resourceGroups/MC_todo-aks-rg_todo-aks-aks_westus/providers/Microsoft.Network/publicIPAddresses/9915f3d4-81c7-4c26-b3e3-386a47a88128"
                    ],
                    "idle_timeout_in_minutes": 0,
                    "managed_outbound_ip_count": 1,
                    "managed_outbound_ipv6_count": 0,
                    "outbound_ip_address_ids": [],
                    "outbound_ip_prefix_ids": [],
                    "outbound_ports_allocated": 0
                  }
                ],
                "load_balancer_sku": "standard",
                "nat_gateway_profile": [],
                "network_data_plane": "azure",
                "network_mode": "",
                "network_plugin": "azure",
                "network_plugin_mode": "",
                "network_policy": "calico",
                "outbound_type": "loadBalancer",
                "pod_cidr": "",
                "pod_cidrs": [],
                "service_cidr": "10.0.0.0/16",
                "service_cidrs": [
                  "10.0.0.0/16"
                ]
              }
            ],
            "node_os_upgrade_channel": "NodeImage",
            "node_resource_group": "MC_todo-aks-rg_todo-aks-aks_westus",
            "node_resource_group_id": "/subscriptions/e5efa2cd-02a5-4c7b-be99-6e2ae6d5feac/resourceGroups/MC_todo-aks-rg_todo-aks-aks_westus",
            "oidc_issuer_enabled": false,
            "oidc_issuer_url": "",
            "oms_agent": [],
            "open_service_mesh_enabled": null,
            "portal_fqdn": "todo-aks-416euu9t.portal.hcp.westus.azmk8s.io",
            "private_cluster_enabled": false,
            "private_cluster_public_fqdn_enabled": false,
            "private_dns_zone_id": "",
            "private_fqdn": "",
            "resource_group_name": "todo-aks-rg",
            "role_based_access_control_enabled": true,
            "run_command_enabled": true,
            "service_mesh_profile": [],
            "service_principal": [],
            "sku_tier": "Free",
            "storage_profile": [],
            "support_plan": "KubernetesOfficial",
            "tags": {
              "App": "todo-aks",
              "Env": "dev"
            },
            "timeouts": null,
            "upgrade_override": [],
            "web_app_routing": [],
            "windows_profile": [
              {
                "admin_password": "",
                "admin_username": "azureuser",
                "gmsa": [],
                "license": ""
              }
            ],
            "workload_autoscaler_profile": [],
            "workload_identity_enabled": false
          },
          "sensitive_attributes": [
            [
              {
                "type": "get_attr",
                "value": "windows_profile"
              },
              {
                "type": "index",
                "value": {
                  "value": 0,
                  "type": "number"
                }
              },
              {
                "type": "get_attr",
                "value": "admin_password"
              }
            ],
            [
              {
                "type": "get_attr",
                "value": "kube_config_raw"
              }
            ],
            [
              {
                "type": "get_attr",
                "value": "kube_admin_config"
              }
            ],
            [
              {
                "type": "get_attr",
                "value": "kube_config"
              }
            ],
            [
              {
                "type": "get_attr",
                "value": "kube_admin_config_raw"
              }
            ]
          ],
          "private": "eyJlMmJmYjczMC1lY2FhLTExZTYtOGY4OC0zNDM2M2JjN2M0YzAiOnsiY3JlYXRlIjo1NDAwMDAwMDAwMDAwLCJkZWxldGUiOjU0MDAwMDAwMDAwMDAsInJlYWQiOjMwMDAwMDAwMDAwMCwidXBkYXRlIjo1NDAwMDAwMDAwMDAwfSwic2NoZW1hX3ZlcnNpb24iOiIyIn0=",
          "dependencies": [
            "module.azurerm_container_registry.azurerm_container_registry.ACR",
            "module.resource_group.azurerm_resource_group.RG"
          ]
        }
      ]
    },
    {
      "module": "module.aks",
      "mode": "managed",
      "type": "azurerm_role_assignment",
      "name": "aks_acr_pull",
      "provider": "provider[\"registry.terraform.io/hashicorp/azurerm\"]",
      "instances": [
        {
          "index_key": "aks1",
          "schema_version": 0,
          "attributes": {
            "condition": "",
            "condition_version": "",
            "delegated_managed_identity_resource_id": "",
            "description": "",
            "id": "/subscriptions/e5efa2cd-02a5-4c7b-be99-6e2ae6d5feac/resourceGroups/todo-aks-rg/providers/Microsoft.ContainerRegistry/registries/todoaksacrspsingh/providers/Microsoft.Authorization/roleAssignments/47554eb7-bc27-2672-95a5-37ff2655e4ce",
            "name": "47554eb7-bc27-2672-95a5-37ff2655e4ce",
            "principal_id": "e1836bb7-efd6-4231-848d-cfedc5a0491c",
            "principal_type": "ServicePrincipal",
            "role_definition_id": "/subscriptions/e5efa2cd-02a5-4c7b-be99-6e2ae6d5feac/providers/Microsoft.Authorization/roleDefinitions/7f951dda-4ed3-4680-a7ca-43fe172d538d",
            "role_definition_name": "AcrPull",
            "scope": "/subscriptions/e5efa2cd-02a5-4c7b-be99-6e2ae6d5feac/resourceGroups/todo-aks-rg/providers/Microsoft.ContainerRegistry/registries/todoaksacrspsingh",
            "skip_service_principal_aad_check": true,
            "timeouts": null
          },
          "sensitive_attributes": [],
          "private": "eyJlMmJmYjczMC1lY2FhLTExZTYtOGY4OC0zNDM2M2JjN2M0YzAiOnsiY3JlYXRlIjoxODAwMDAwMDAwMDAwLCJkZWxldGUiOjE4MDAwMDAwMDAwMDAsInJlYWQiOjMwMDAwMDAwMDAwMH19",
          "dependencies": [
            "module.aks.azurerm_kubernetes_cluster.AKS",
            "module.aks.data.azurerm_container_registry.datacontainerregistry",
            "module.azurerm_container_registry.azurerm_container_registry.ACR",
            "module.resource_group.azurerm_resource_group.RG"
          ]
        }
      ]
    },
    {
      "module": "module.application_gateway",
      "mode": "data",
      "type": "azurerm_public_ip",
      "name": "datapip",
      "provider": "provider[\"registry.terraform.io/hashicorp/azurerm\"]",
      "instances": [
        {
          "index_key": "appgw1",
          "schema_version": 0,
          "attributes": {
            "allocation_method": "Static",
            "ddos_protection_mode": "VirtualNetworkInherited",
            "ddos_protection_plan_id": null,
            "domain_name_label": "",
            "fqdn": "",
            "id": "/subscriptions/e5efa2cd-02a5-4c7b-be99-6e2ae6d5feac/resourceGroups/todo-aks-rg/providers/Microsoft.Network/publicIPAddresses/todo-aks-pip",
            "idle_timeout_in_minutes": 4,
            "ip_address": "20.253.247.71",
            "ip_tags": {},
            "ip_version": "IPv4",
            "location": "westus",
            "name": "todo-aks-pip",
            "resource_group_name": "todo-aks-rg",
            "reverse_fqdn": "",
            "sku": "Standard",
            "tags": {
              "App": "todo-aks",
              "Env": "dev"
            },
            "timeouts": null,
            "zones": []
          },
          "sensitive_attributes": []
        }
      ]
    },
    {
      "module": "module.application_gateway",
      "mode": "data",
      "type": "azurerm_subnet",
      "name": "datasubnet",
      "provider": "provider[\"registry.terraform.io/hashicorp/azurerm\"]",
      "instances": [
        {
          "index_key": "appgw1",
          "schema_version": 0,
          "attributes": {
            "address_prefix": "10.0.2.0/24",
            "address_prefixes": [
              "10.0.2.0/24"
            ],
            "default_outbound_access_enabled": true,
            "id": "/subscriptions/e5efa2cd-02a5-4c7b-be99-6e2ae6d5feac/resourceGroups/todo-aks-rg/providers/Microsoft.Network/virtualNetworks/todo-aks-vnet/subnets/appgw-subnet",
            "name": "appgw-subnet",
            "network_security_group_id": "",
            "private_endpoint_network_policies": "Disabled",
            "private_link_service_network_policies_enabled": true,
            "resource_group_name": "todo-aks-rg",
            "route_table_id": "",
            "service_endpoints": [],
            "timeouts": null,
            "virtual_network_name": "todo-aks-vnet"
          },
          "sensitive_attributes": []
        }
      ]
    },
    {
      "module": "module.application_gateway",
      "mode": "managed",
      "type": "azurerm_application_gateway",
      "name": "App-Gateway",
      "provider": "provider[\"registry.terraform.io/hashicorp/azurerm\"]",
      "instances": [
        {
          "index_key": "appgw1",
          "schema_version": 0,
          "attributes": {
            "authentication_certificate": [],
            "autoscale_configuration": [],
            "backend_address_pool": [
              {
                "fqdns": [],
                "id": "/subscriptions/e5efa2cd-02a5-4c7b-be99-6e2ae6d5feac/resourceGroups/todo-aks-rg/providers/Microsoft.Network/applicationGateways/todo-aks-appgw/backendAddressPools/backendPool1",
                "ip_addresses": [],
                "name": "backendPool1"
              }
            ],
            "backend_http_settings": [
              {
                "affinity_cookie_name": "",
                "authentication_certificate": [],
                "connection_draining": [],
                "cookie_based_affinity": "Disabled",
                "host_name": "",
                "id": "/subscriptions/e5efa2cd-02a5-4c7b-be99-6e2ae6d5feac/resourceGroups/todo-aks-rg/providers/Microsoft.Network/applicationGateways/todo-aks-appgw/backendHttpSettingsCollection/httpSetting1",
                "name": "httpSetting1",
                "path": "/",
                "pick_host_name_from_backend_address": false,
                "port": 80,
                "probe_id": "",
                "probe_name": "",
                "protocol": "Http",
                "request_timeout": 60,
                "trusted_root_certificate_names": []
              }
            ],
            "custom_error_configuration": [],
            "enable_http2": false,
            "fips_enabled": false,
            "firewall_policy_id": "",
            "force_firewall_policy_association": false,
            "frontend_ip_configuration": [
              {
                "id": "/subscriptions/e5efa2cd-02a5-4c7b-be99-6e2ae6d5feac/resourceGroups/todo-aks-rg/providers/Microsoft.Network/applicationGateways/todo-aks-appgw/frontendIPConfigurations/frontendIPConfig1",
                "name": "frontendIPConfig1",
                "private_ip_address": "",
                "private_ip_address_allocation": "Dynamic",
                "private_link_configuration_id": "",
                "private_link_configuration_name": "",
                "public_ip_address_id": "/subscriptions/e5efa2cd-02a5-4c7b-be99-6e2ae6d5feac/resourceGroups/todo-aks-rg/providers/Microsoft.Network/publicIPAddresses/todo-aks-pip",
                "subnet_id": ""
              }
            ],
            "frontend_port": [
              {
                "id": "/subscriptions/e5efa2cd-02a5-4c7b-be99-6e2ae6d5feac/resourceGroups/todo-aks-rg/providers/Microsoft.Network/applicationGateways/todo-aks-appgw/frontendPorts/frontendPort1",
                "name": "frontendPort1",
                "port": 80
              }
            ],
            "gateway_ip_configuration": [
              {
                "id": "/subscriptions/e5efa2cd-02a5-4c7b-be99-6e2ae6d5feac/resourceGroups/todo-aks-rg/providers/Microsoft.Network/applicationGateways/todo-aks-appgw/gatewayIPConfigurations/appgw-ipconfig",
                "name": "appgw-ipconfig",
                "subnet_id": "/subscriptions/e5efa2cd-02a5-4c7b-be99-6e2ae6d5feac/resourceGroups/todo-aks-rg/providers/Microsoft.Network/virtualNetworks/todo-aks-vnet/subnets/appgw-subnet"
              }
            ],
            "global": [],
            "http_listener": [
              {
                "custom_error_configuration": [],
                "firewall_policy_id": "",
                "frontend_ip_configuration_id": "/subscriptions/e5efa2cd-02a5-4c7b-be99-6e2ae6d5feac/resourceGroups/todo-aks-rg/providers/Microsoft.Network/applicationGateways/todo-aks-appgw/frontendIPConfigurations/frontendIPConfig1",
                "frontend_ip_configuration_name": "frontendIPConfig1",
                "frontend_port_id": "/subscriptions/e5efa2cd-02a5-4c7b-be99-6e2ae6d5feac/resourceGroups/todo-aks-rg/providers/Microsoft.Network/applicationGateways/todo-aks-appgw/frontendPorts/frontendPort1",
                "frontend_port_name": "frontendPort1",
                "host_name": "",
                "host_names": [],
                "id": "/subscriptions/e5efa2cd-02a5-4c7b-be99-6e2ae6d5feac/resourceGroups/todo-aks-rg/providers/Microsoft.Network/applicationGateways/todo-aks-appgw/httpListeners/httpListener1",
                "name": "httpListener1",
                "protocol": "Http",
                "require_sni": false,
                "ssl_certificate_id": "",
                "ssl_certificate_name": "",
                "ssl_profile_id": "",
                "ssl_profile_name": ""
              }
            ],
            "id": "/subscriptions/e5efa2cd-02a5-4c7b-be99-6e2ae6d5feac/resourceGroups/todo-aks-rg/providers/Microsoft.Network/applicationGateways/todo-aks-appgw",
            "identity": [],
            "location": "westus",
            "name": "todo-aks-appgw",
            "private_endpoint_connection": [],
            "private_link_configuration": [],
            "probe": [],
            "redirect_configuration": [],
            "request_routing_rule": [
              {
                "backend_address_pool_id": "/subscriptions/e5efa2cd-02a5-4c7b-be99-6e2ae6d5feac/resourceGroups/todo-aks-rg/providers/Microsoft.Network/applicationGateways/todo-aks-appgw/backendAddressPools/backendPool1",
                "backend_address_pool_name": "backendPool1",
                "backend_http_settings_id": "/subscriptions/e5efa2cd-02a5-4c7b-be99-6e2ae6d5feac/resourceGroups/todo-aks-rg/providers/Microsoft.Network/applicationGateways/todo-aks-appgw/backendHttpSettingsCollection/httpSetting1",
                "backend_http_settings_name": "httpSetting1",
                "http_listener_id": "/subscriptions/e5efa2cd-02a5-4c7b-be99-6e2ae6d5feac/resourceGroups/todo-aks-rg/providers/Microsoft.Network/applicationGateways/todo-aks-appgw/httpListeners/httpListener1",
                "http_listener_name": "httpListener1",
                "id": "/subscriptions/e5efa2cd-02a5-4c7b-be99-6e2ae6d5feac/resourceGroups/todo-aks-rg/providers/Microsoft.Network/applicationGateways/todo-aks-appgw/requestRoutingRules/rule1",
                "name": "rule1",
                "priority": 9,
                "redirect_configuration_id": "",
                "redirect_configuration_name": "",
                "rewrite_rule_set_id": "",
                "rewrite_rule_set_name": "",
                "rule_type": "Basic",
                "url_path_map_id": "",
                "url_path_map_name": ""
              }
            ],
            "resource_group_name": "todo-aks-rg",
            "rewrite_rule_set": [],
            "sku": [
              {
                "capacity": 2,
                "name": "Standard_v2",
                "tier": "Standard_v2"
              }
            ],
            "ssl_certificate": [],
            "ssl_policy": [
              {
                "cipher_suites": [],
                "disabled_protocols": [],
                "min_protocol_version": "",
                "policy_name": "AppGwSslPolicy20220101",
                "policy_type": "Predefined"
              }
            ],
            "ssl_profile": [],
            "tags": {
              "App": "todo-aks",
              "Env": "dev"
            },
            "timeouts": null,
            "trusted_client_certificate": [],
            "trusted_root_certificate": [],
            "url_path_map": [],
            "waf_configuration": [],
            "zones": []
          },
          "sensitive_attributes": [],
          "private": "eyJlMmJmYjczMC1lY2FhLTExZTYtOGY4OC0zNDM2M2JjN2M0YzAiOnsiY3JlYXRlIjo1NDAwMDAwMDAwMDAwLCJkZWxldGUiOjU0MDAwMDAwMDAwMDAsInJlYWQiOjMwMDAwMDAwMDAwMCwidXBkYXRlIjo1NDAwMDAwMDAwMDAwfX0=",
          "dependencies": [
            "module.application_gateway.data.azurerm_public_ip.datapip",
            "module.application_gateway.data.azurerm_subnet.datasubnet",
            "module.public_ip.azurerm_public_ip.public_ip",
            "module.resource_group.azurerm_resource_group.RG",
            "module.virtual_network.azurerm_virtual_network.VNET"
          ]
        }
      ]
    },
    {
      "module": "module.azurerm_container_registry",
      "mode": "managed",
      "type": "azurerm_container_registry",
      "name": "ACR",
      "provider": "provider[\"registry.terraform.io/hashicorp/azurerm\"]",
      "instances": [
        {
          "index_key": "acr1",
          "schema_version": 2,
          "attributes": {
            "admin_enabled": false,
            "admin_password": "",
            "admin_username": "",
            "anonymous_pull_enabled": false,
            "data_endpoint_enabled": false,
            "data_endpoint_host_names": [],
            "encryption": [],
            "export_policy_enabled": true,
            "georeplications": [],
            "id": "/subscriptions/e5efa2cd-02a5-4c7b-be99-6e2ae6d5feac/resourceGroups/todo-aks-rg/providers/Microsoft.ContainerRegistry/registries/todoaksacrspsingh",
            "identity": [],
            "location": "westus",
            "login_server": "todoaksacrspsingh.azurecr.io",
            "name": "todoaksacrspsingh",
            "network_rule_bypass_option": "AzureServices",
            "network_rule_set": [],
            "public_network_access_enabled": true,
            "quarantine_policy_enabled": false,
            "resource_group_name": "todo-aks-rg",
            "retention_policy_in_days": 0,
            "sku": "Standard",
            "tags": {
              "App": "todo-aks",
              "Env": "dev"
            },
            "timeouts": null,
            "trust_policy_enabled": false,
            "zone_redundancy_enabled": false
          },
          "sensitive_attributes": [
            [
              {
                "type": "get_attr",
                "value": "admin_password"
              }
            ]
          ],
          "private": "eyJlMmJmYjczMC1lY2FhLTExZTYtOGY4OC0zNDM2M2JjN2M0YzAiOnsiY3JlYXRlIjoxODAwMDAwMDAwMDAwLCJkZWxldGUiOjE4MDAwMDAwMDAwMDAsInJlYWQiOjMwMDAwMDAwMDAwMCwidXBkYXRlIjoxODAwMDAwMDAwMDAwfSwic2NoZW1hX3ZlcnNpb24iOiIyIn0=",
          "dependencies": [
            "module.resource_group.azurerm_resource_group.RG"
          ]
        }
      ]
    },
    {
      "module": "module.mssql_databases",
      "mode": "data",
      "type": "azurerm_mssql_server",
      "name": "data-mssql-server",
      "provider": "provider[\"registry.terraform.io/hashicorp/azurerm\"]",
      "instances": [
        {
          "index_key": "mysqldb1",
          "schema_version": 0,
          "attributes": {
            "administrator_login": "achinta",
            "express_vulnerability_assessment_enabled": false,
            "fully_qualified_domain_name": "todo-aksmssqlserver007.database.windows.net",
            "id": "/subscriptions/e5efa2cd-02a5-4c7b-be99-6e2ae6d5feac/resourceGroups/todo-aks-rg/providers/Microsoft.Sql/servers/todo-aksmssqlserver007",
            "identity": [],
            "location": "westus",
            "name": "todo-aksmssqlserver007",
            "resource_group_name": "todo-aks-rg",
            "restorable_dropped_database_ids": [],
            "tags": {
              "App": "todo-aks",
              "Env": "dev"
            },
            "timeouts": null,
            "transparent_data_encryption_key_vault_key_id": "",
            "version": "12.0"
          },
          "sensitive_attributes": []
        }
      ]
    },
    {
      "module": "module.mssql_databases",
      "mode": "managed",
      "type": "azurerm_mssql_database",
      "name": "MSSQL-DB",
      "provider": "provider[\"registry.terraform.io/hashicorp/azurerm\"]",
      "instances": [
        {
          "index_key": "mysqldb1",
          "schema_version": 1,
          "attributes": {
            "auto_pause_delay_in_minutes": 0,
            "collation": "SQL_Latin1_General_CP1_CI_AS",
            "create_mode": "Default",
            "creation_source_database_id": null,
            "elastic_pool_id": "",
            "enclave_type": "VBS",
            "geo_backup_enabled": true,
            "id": "/subscriptions/e5efa2cd-02a5-4c7b-be99-6e2ae6d5feac/resourceGroups/todo-aks-rg/providers/Microsoft.Sql/servers/todo-aksmssqlserver007/databases/todo-aksmssqldb007",
            "identity": [],
            "import": [],
            "ledger_enabled": false,
            "license_type": "LicenseIncluded",
            "long_term_retention_policy": [
              {
                "immutable_backups_enabled": false,
                "monthly_retention": "PT0S",
                "week_of_year": 1,
                "weekly_retention": "PT0S",
                "yearly_retention": "PT0S"
              }
            ],
            "maintenance_configuration_name": "SQL_Default",
            "max_size_gb": 2,
            "min_capacity": 0,
            "name": "todo-aksmssqldb007",
            "read_replica_count": 0,
            "read_scale": false,
            "recover_database_id": null,
            "recovery_point_id": null,
            "restore_dropped_database_id": null,
            "restore_long_term_retention_backup_id": null,
            "restore_point_in_time": null,
            "sample_name": null,
            "secondary_type": "",
            "server_id": "/subscriptions/e5efa2cd-02a5-4c7b-be99-6e2ae6d5feac/resourceGroups/todo-aks-rg/providers/Microsoft.Sql/servers/todo-aksmssqlserver007",
            "short_term_retention_policy": [
              {
                "backup_interval_in_hours": 24,
                "retention_days": 7
              }
            ],
            "sku_name": "S0",
            "storage_account_type": "Geo",
            "tags": {
              "App": "todo-aks",
              "Env": "dev"
            },
            "threat_detection_policy": [
              {
                "disabled_alerts": [],
                "email_account_admins": "Disabled",
                "email_addresses": [],
                "retention_days": 0,
                "state": "Disabled",
                "storage_account_access_key": "",
                "storage_endpoint": ""
              }
            ],
            "timeouts": null,
            "transparent_data_encryption_enabled": true,
            "transparent_data_encryption_key_automatic_rotation_enabled": false,
            "transparent_data_encryption_key_vault_key_id": "",
            "zone_redundant": false
          },
          "sensitive_attributes": [
            [
              {
                "type": "get_attr",
                "value": "threat_detection_policy"
              },
              {
                "type": "index",
                "value": {
                  "value": 0,
                  "type": "number"
                }
              },
              {
                "type": "get_attr",
                "value": "storage_account_access_key"
              }
            ]
          ],
          "private": "eyJlMmJmYjczMC1lY2FhLTExZTYtOGY4OC0zNDM2M2JjN2M0YzAiOnsiY3JlYXRlIjozNjAwMDAwMDAwMDAwLCJkZWxldGUiOjM2MDAwMDAwMDAwMDAsInJlYWQiOjMwMDAwMDAwMDAwMCwidXBkYXRlIjozNjAwMDAwMDAwMDAwfSwic2NoZW1hX3ZlcnNpb24iOiIxIn0=",
          "dependencies": [
            "module.mssql_databases.data.azurerm_mssql_server.data-mssql-server",
            "module.mssql_servers.azurerm_mssql_server.MSSQL-SERVER",
            "module.resource_group.azurerm_resource_group.RG"
          ]
        }
      ]
    },
    {
      "module": "module.mssql_servers",
      "mode": "managed",
      "type": "azurerm_mssql_server",
      "name": "MSSQL-SERVER",
      "provider": "provider[\"registry.terraform.io/hashicorp/azurerm\"]",
      "instances": [
        {
          "index_key": "mssql1",
          "schema_version": 0,
          "attributes": {
            "administrator_login": "achinta",
            "administrator_login_password": "Satya@834068",
            "administrator_login_password_wo": null,
            "administrator_login_password_wo_version": 0,
            "azuread_administrator": [],
            "connection_policy": "Default",
            "express_vulnerability_assessment_enabled": false,
            "fully_qualified_domain_name": "todo-aksmssqlserver007.database.windows.net",
            "id": "/subscriptions/e5efa2cd-02a5-4c7b-be99-6e2ae6d5feac/resourceGroups/todo-aks-rg/providers/Microsoft.Sql/servers/todo-aksmssqlserver007",
            "identity": [],
            "location": "westus",
            "minimum_tls_version": "1.2",
            "name": "todo-aksmssqlserver007",
            "outbound_network_restriction_enabled": false,
            "primary_user_assigned_identity_id": "",
            "public_network_access_enabled": true,
            "resource_group_name": "todo-aks-rg",
            "restorable_dropped_database_ids": [],
            "tags": {
              "App": "todo-aks",
              "Env": "dev"
            },
            "timeouts": null,
            "transparent_data_encryption_key_vault_key_id": "",
            "version": "12.0"
          },
          "sensitive_attributes": [
            [
              {
                "type": "get_attr",
                "value": "administrator_login_password_wo"
              }
            ],
            [
              {
                "type": "get_attr",
                "value": "administrator_login_password"
              }
            ]
          ],
          "private": "eyJlMmJmYjczMC1lY2FhLTExZTYtOGY4OC0zNDM2M2JjN2M0YzAiOnsiY3JlYXRlIjozNjAwMDAwMDAwMDAwLCJkZWxldGUiOjM2MDAwMDAwMDAwMDAsInJlYWQiOjMwMDAwMDAwMDAwMCwidXBkYXRlIjozNjAwMDAwMDAwMDAwfX0=",
          "dependencies": [
            "module.resource_group.azurerm_resource_group.RG"
          ]
        }
      ]
    },
    {
      "module": "module.public_ip",
      "mode": "managed",
      "type": "azurerm_public_ip",
      "name": "public_ip",
      "provider": "provider[\"registry.terraform.io/hashicorp/azurerm\"]",
      "instances": [
        {
          "index_key": "pip1",
          "schema_version": 0,
          "attributes": {
            "allocation_method": "Static",
            "ddos_protection_mode": "VirtualNetworkInherited",
            "ddos_protection_plan_id": null,
            "domain_name_label": null,
            "domain_name_label_scope": null,
            "edge_zone": "",
            "fqdn": null,
            "id": "/subscriptions/e5efa2cd-02a5-4c7b-be99-6e2ae6d5feac/resourceGroups/todo-aks-rg/providers/Microsoft.Network/publicIPAddresses/todo-aks-pip",
            "idle_timeout_in_minutes": 4,
            "ip_address": "20.253.247.71",
            "ip_tags": {},
            "ip_version": "IPv4",
            "location": "westus",
            "name": "todo-aks-pip",
            "public_ip_prefix_id": null,
            "resource_group_name": "todo-aks-rg",
            "reverse_fqdn": null,
            "sku": "Standard",
            "sku_tier": "Regional",
            "tags": {
              "App": "todo-aks",
              "Env": "dev"
            },
            "timeouts": null,
            "zones": []
          },
          "sensitive_attributes": [],
          "private": "eyJlMmJmYjczMC1lY2FhLTExZTYtOGY4OC0zNDM2M2JjN2M0YzAiOnsiY3JlYXRlIjoxODAwMDAwMDAwMDAwLCJkZWxldGUiOjE4MDAwMDAwMDAwMDAsInJlYWQiOjMwMDAwMDAwMDAwMCwidXBkYXRlIjoxODAwMDAwMDAwMDAwfX0=",
          "dependencies": [
            "module.resource_group.azurerm_resource_group.RG"
          ]
        }
      ]
    },
    {
      "module": "module.resource_group",
      "mode": "managed",
      "type": "azurerm_resource_group",
      "name": "RG",
      "provider": "provider[\"registry.terraform.io/hashicorp/azurerm\"]",
      "instances": [
        {
          "index_key": "rg1",
          "schema_version": 0,
          "attributes": {
            "id": "/subscriptions/e5efa2cd-02a5-4c7b-be99-6e2ae6d5feac/resourceGroups/todo-aks-rg",
            "location": "westus",
            "managed_by": "",
            "name": "todo-aks-rg",
            "tags": {
              "App": "todo-aks",
              "Env": "dev"
            },
            "timeouts": null
          },
          "sensitive_attributes": [],
          "private": "eyJlMmJmYjczMC1lY2FhLTExZTYtOGY4OC0zNDM2M2JjN2M0YzAiOnsiY3JlYXRlIjo1NDAwMDAwMDAwMDAwLCJkZWxldGUiOjU0MDAwMDAwMDAwMDAsInJlYWQiOjMwMDAwMDAwMDAwMCwidXBkYXRlIjo1NDAwMDAwMDAwMDAwfX0="
        }
      ]
    },
    {
      "module": "module.virtual_network",
      "mode": "managed",
      "type": "azurerm_virtual_network",
      "name": "VNET",
      "provider": "provider[\"registry.terraform.io/hashicorp/azurerm\"]",
      "instances": [
        {
          "index_key": "vnet1",
          "schema_version": 0,
          "attributes": {
            "address_space": [
              "10.0.0.0/16"
            ],
            "bgp_community": "",
            "ddos_protection_plan": [],
            "dns_servers": [],
            "edge_zone": "",
            "encryption": [],
            "flow_timeout_in_minutes": 0,
            "guid": "dfe42185-03a3-4697-8a96-b53db52d01f0",
            "id": "/subscriptions/e5efa2cd-02a5-4c7b-be99-6e2ae6d5feac/resourceGroups/todo-aks-rg/providers/Microsoft.Network/virtualNetworks/todo-aks-vnet",
            "ip_address_pool": [],
            "location": "westus",
            "name": "todo-aks-vnet",
            "private_endpoint_vnet_policies": "Disabled",
            "resource_group_name": "todo-aks-rg",
            "subnet": [
              {
                "address_prefixes": [
                  "10.0.1.0/24"
                ],
                "default_outbound_access_enabled": true,
                "delegation": [],
                "id": "/subscriptions/e5efa2cd-02a5-4c7b-be99-6e2ae6d5feac/resourceGroups/todo-aks-rg/providers/Microsoft.Network/virtualNetworks/todo-aks-vnet/subnets/todo-aks-subnet",
                "name": "todo-aks-subnet",
                "private_endpoint_network_policies": "Disabled",
                "private_link_service_network_policies_enabled": true,
                "route_table_id": "",
                "security_group": "",
                "service_endpoint_policy_ids": [],
                "service_endpoints": []
              },
              {
                "address_prefixes": [
                  "10.0.2.0/24"
                ],
                "default_outbound_access_enabled": true,
                "delegation": [],
                "id": "/subscriptions/e5efa2cd-02a5-4c7b-be99-6e2ae6d5feac/resourceGroups/todo-aks-rg/providers/Microsoft.Network/virtualNetworks/todo-aks-vnet/subnets/appgw-subnet",
                "name": "appgw-subnet",
                "private_endpoint_network_policies": "Disabled",
                "private_link_service_network_policies_enabled": true,
                "route_table_id": "",
                "security_group": "",
                "service_endpoint_policy_ids": [],
                "service_endpoints": []
              }
            ],
            "tags": {
              "App": "todo-aks",
              "Env": "dev"
            },
            "timeouts": null
          },
          "sensitive_attributes": [],
          "private": "eyJlMmJmYjczMC1lY2FhLTExZTYtOGY4OC0zNDM2M2JjN2M0YzAiOnsiY3JlYXRlIjoxODAwMDAwMDAwMDAwLCJkZWxldGUiOjE4MDAwMDAwMDAwMDAsInJlYWQiOjMwMDAwMDAwMDAwMCwidXBkYXRlIjoxODAwMDAwMDAwMDAwfX0=",
          "dependencies": [
            "module.resource_group.azurerm_resource_group.RG"
          ]
        }
      ]
    }
  ],
  "check_results": null
}
